
Microsoft Visual Studio Solution File, Format Version 12.00
# Visual Studio Version 17
VisualStudioVersion = 17.2.32616.157
MinimumVisualStudioVersion = 10.0.40219.1
Project("{FAE04EC0-301F-11D3-BF4B-00C04F79EFBC}") = "Statistics.Android", "Statistics.Android\Statistics.Android.csproj", "{CAD58A34-D2E2-4A15-B958-22BB4130DAD4}"
EndProject
Project("{FAE04EC0-301F-11D3-BF4B-00C04F79EFBC}") = "Statistics", "Statistics\Statistics.csproj", "{91A506AB-43FA-42D0-ADF5-8BD5A0A51D8A}"
EndProject
Global
	GlobalSection(SolutionConfigurationPlatforms) = preSolution
		Debug|Any CPU = Debug|Any CPU
		Release|Any CPU = Release|Any CPU
	EndGlobalSection
	GlobalSection(ProjectConfigurationPlatforms) = postSolution
		{CAD58A34-D2E2-4A15-B958-22BB4130DAD4}.Debug|Any CPU.ActiveCfg = Debug|Any CPU
		{CAD58A34-D2E2-4A15-B958-22BB4130DAD4}.Debug|Any CPU.Build.0 = Debug|Any CPU
		{CAD58A34-D2E2-4A15-B958-22BB4130DAD4}.Debug|Any CPU.Deploy.0 = Debug|Any CPU
		{CAD58A34-D2E2-4A15-B958-22BB4130DAD4}.Release|Any CPU.ActiveCfg = Release|Any CPU
		{CAD58A34-D2E2-4A15-B958-22BB4130DAD4}.Release|Any CPU.Build.0 = Release|Any CPU
		{CAD58A34-D2E2-4A15-B958-22BB4130DAD4}.Release|Any CPU.Deploy.0 = Release|Any CPU
		{91A506AB-43FA-42D0-ADF5-8BD5A0A51D8A}.Debug|Any CPU.ActiveCfg = Debug|Any CPU
		{91A506AB-43FA-42D0-ADF5-8BD5A0A51D8A}.Debug|Any CPU.Build.0 = Debug|Any CPU
		{91A506AB-43FA-42D0-ADF5-8BD5A0A51D8A}.Debug|Any CPU.Deploy.0 = Debug|Any CPU
		{91A506AB-43FA-42D0-ADF5-8BD5A0A51D8A}.Release|Any CPU.ActiveCfg = Release|Any CPU
		{91A506AB-43FA-42D0-ADF5-8BD5A0A51D8A}.Release|Any CPU.Build.0 = Release|Any CPU
		{91A506AB-43FA-42D0-ADF5-8BD5A0A51D8A}.Release|Any CPU.Deploy.0 = Release|Any CPU
	EndGlobalSection
	GlobalSection(SolutionProperties) = preSolution
		HideSolutionNode = FALSE
	EndGlobalSection
	GlobalSection(ExtensibilityGlobals) = postSolution
		SolutionGuid = {032CEEFB-CCC6-4D7B-9436-E0CBC844041F}
	EndGlobalSection
EndGlobal
